// !$*UTF8*$!
{
	archiveVersion = 1;
	classes = {
	};
	objectVersion = 39;
	objects = {
		00E0854300CAD1857F000001 = {
			fileEncoding = 30;
			isa = PBXFileReference;
			lastKnownFileType = sourcecode.cpp.cpp;
			path = collapse.cpp;
			refType = 2;
			sourceTree = SOURCE_ROOT;
		};
//000
//001
//002
//003
//004
//010
//011
//012
//013
//014
		014CEA460018CE2711CA2923 = {
			buildSettings = {
				COPY_PHASE_STRIP = NO;
				GCC_DYNAMIC_NO_PIC = NO;
				GCC_ENABLE_FIX_AND_CONTINUE = YES;
				GCC_GENERATE_DEBUGGING_SYMBOLS = YES;
				GCC_OPTIMIZATION_LEVEL = 0;
				OPTIMIZATION_CFLAGS = "-O0";
				ZERO_LINK = YES;
			};
			isa = PBXBuildStyle;
			name = Development;
		};
		014CEA470018CE2711CA2923 = {
			buildSettings = {
				COPY_PHASE_STRIP = YES;
				GCC_ENABLE_FIX_AND_CONTINUE = NO;
				ZERO_LINK = NO;
			};
			isa = PBXBuildStyle;
			name = Deployment;
		};
//010
//011
//012
//013
//014
//020
//021
//022
//023
//024
		0249A662FF388D9811CA2CEA = {
			children = (
				F52FE4D402180BEC01990B20,
				F52FE4D502180BEC01990B20,
				F5DD976F03A7AAC701990B69,
				6FC6A54203CC99B700990B69,
				0249A663FF388D9811CA2CEA,
			);
			isa = PBXGroup;
			name = "External Frameworks and Libraries";
			refType = 4;
			sourceTree = "<group>";
		};
		0249A663FF388D9811CA2CEA = {
			isa = PBXFileReference;
			lastKnownFileType = archive.ar;
			name = "libstdc++.a";
			path = "/usr/lib/libstdc++.a";
			refType = 0;
			sourceTree = "<absolute>";
		};
//020
//021
//022
//023
//024
//070
//071
//072
//073
//074
		07F2E94200974D3D80990B20 = {
			fileEncoding = 30;
			isa = PBXFileReference;
			lastKnownFileType = sourcecode.cpp.cpp;
			path = coarsen.cpp;
			refType = 2;
			sourceTree = SOURCE_ROOT;
		};
		07F2E94300974D3D80990B20 = {
			fileEncoding = 30;
			isa = PBXFileReference;
			lastKnownFileType = sourcecode.cpp.cpp;
			path = connect.cpp;
			refType = 2;
			sourceTree = SOURCE_ROOT;
		};
		07F2E94500974D3D80990B20 = {
			fileEncoding = 30;
			isa = PBXFileReference;
			lastKnownFileType = sourcecode.cpp.cpp;
			path = findmatch.cpp;
			refType = 2;
			sourceTree = SOURCE_ROOT;
		};
		07F2E94600974D3D80990B20 = {
			fileEncoding = 30;
			isa = PBXFileReference;
			lastKnownFileType = sourcecode.cpp.cpp;
			path = in_mesh.cpp;
			refType = 2;
			sourceTree = SOURCE_ROOT;
		};
		07F2E94700974D3D80990B20 = {
			fileEncoding = 30;
			isa = PBXFileReference;
			lastKnownFileType = sourcecode.cpp.cpp;
			path = setup.cpp;
			refType = 2;
			sourceTree = SOURCE_ROOT;
		};
		07F2E94800974D3D80990B20 = {
			fileEncoding = 30;
			isa = PBXFileReference;
			lastKnownFileType = sourcecode.cpp.cpp;
			path = out_mesh.cpp;
			refType = 2;
			sourceTree = SOURCE_ROOT;
		};
		07F2E94A00974D3D80990B20 = {
			fileEncoding = 30;
			isa = PBXFileReference;
			lastKnownFileType = sourcecode.cpp.cpp;
			path = r_mesh.cpp;
			refType = 2;
			sourceTree = SOURCE_ROOT;
		};
		07F2E94B00974D3D80990B20 = {
			fileEncoding = 30;
			isa = PBXFileReference;
			lastKnownFileType = sourcecode.cpp.cpp;
			path = tprims.cpp;
			refType = 2;
			sourceTree = SOURCE_ROOT;
		};
		07F2E94D00974D3D80990B20 = {
			fileEncoding = 30;
			isa = PBXFileReference;
			lastKnownFileType = sourcecode.c.h;
			path = r_mesh.h;
			refType = 2;
			sourceTree = SOURCE_ROOT;
		};
		07F2E94E00974D3D80990B20 = {
			fileEncoding = 30;
			isa = PBXFileReference;
			lastKnownFileType = sourcecode.c.h;
			path = blocks.h;
			refType = 2;
			sourceTree = SOURCE_ROOT;
		};
		07F2E95000974D3D80990B20 = {
			fileEncoding = 30;
			isa = PBXFileReference;
			lastKnownFileType = sourcecode.c.h;
			path = mesh.h;
			refType = 2;
			sourceTree = SOURCE_ROOT;
		};
//070
//071
//072
//073
//074
//080
//081
//082
//083
//084
		08FB7793FE84155DC02AAC07 = {
			buildSettings = {
			};
			buildStyles = (
				014CEA460018CE2711CA2923,
				014CEA470018CE2711CA2923,
			);
			hasScannedForEncodings = 1;
			isa = PBXProject;
			mainGroup = 08FB7794FE84155DC02AAC07;
			projectDirPath = "";
			targets = (
				6FC7DED805B30C6E001FE736,
			);
		};
		08FB7794FE84155DC02AAC07 = {
			children = (
				08FB7795FE84155DC02AAC07,
				F5DD976E03A78D2301990B69,
				F556D7CB0226C8DC01990B20,
				0249A662FF388D9811CA2CEA,
				1AB674ADFE9D54B511CA2CBB,
			);
			isa = PBXGroup;
			name = test2;
			refType = 4;
			sourceTree = "<group>";
		};
		08FB7795FE84155DC02AAC07 = {
			children = (
				08FB7796FE84155DC02AAC07,
				07F2E95000974D3D80990B20,
				07F2E94600974D3D80990B20,
				F5BE6B500162B73801000001,
				07F2E94700974D3D80990B20,
				07F2E94800974D3D80990B20,
				07F2E94500974D3D80990B20,
				F515EA5602B7E15B012A8EDA,
				07F2E94B00974D3D80990B20,
				07F2E94200974D3D80990B20,
				F50FCD7F0128AA9801000001,
				F5BDAB54014068AC01000001,
				F543FC18014FCBC901000001,
				00E0854300CAD1857F000001,
				F5CED4AF015630AA01000001,
				F5F975AB0152459801000001,
				07F2E94300974D3D80990B20,
				F528820602B1545D012A8EDA,
				6FCD4658071240D80003FAD1,
				F528820502B1545D012A8EDA,
				F5AF3BF901879D4B0131A0B3,
				07F2E94D00974D3D80990B20,
				07F2E94A00974D3D80990B20,
				F51A5D6802B541FB012A8EDA,
				6FF8CC88070B25260099AAD7,
				F573B1BB0379A61301990B69,
				F5C9C262032CCEAF01990B69,
				07F2E94E00974D3D80990B20,
				F53FC7D10343C82E01E186A8,
				6FF8CC8C070B25A40099AAD7,
			);
			isa = PBXGroup;
			name = Source;
			refType = 4;
			sourceTree = "<group>";
		};
		08FB7796FE84155DC02AAC07 = {
			fileEncoding = 30;
			isa = PBXFileReference;
			lastKnownFileType = sourcecode.cpp.cpp;
			path = main.cpp;
			refType = 2;
			sourceTree = SOURCE_ROOT;
		};
//080
//081
//082
//083
//084
//1A0
//1A1
//1A2
//1A3
//1A4
		1AB674ADFE9D54B511CA2CBB = {
			children = (
				6FC7DF0305B30C6E001FE736,
			);
			isa = PBXGroup;
			name = Products;
			refType = 4;
			sourceTree = "<group>";
		};
//1A0
//1A1
//1A2
//1A3
//1A4
//6F0
//6F1
//6F2
//6F3
//6F4
		6F08C9CC0703422D002255FC = {
			fileRef = F573B1BB0379A61301990B69;
			isa = PBXBuildFile;
			settings = {
			};
		};
		6F08C9CD0703422E002255FC = {
			fileRef = 07F2E94D00974D3D80990B20;
			isa = PBXBuildFile;
			settings = {
			};
		};
		6F08C9CE0703422F002255FC = {
			fileRef = F51A5D6802B541FB012A8EDA;
			isa = PBXBuildFile;
			settings = {
			};
		};
		6F08C9CF07034231002255FC = {
			fileRef = F5C9C262032CCEAF01990B69;
			isa = PBXBuildFile;
			settings = {
			};
		};
		6F08C9D007034233002255FC = {
			fileRef = 07F2E94E00974D3D80990B20;
			isa = PBXBuildFile;
			settings = {
			};
		};
		6F08CA1F0703520F002255FC = {
			fileRef = F53FC7D10343C82E01E186A8;
			isa = PBXBuildFile;
			settings = {
			};
		};
		6F3F739C07066E6E00F4B759 = {
			fileRef = 07F2E94A00974D3D80990B20;
			isa = PBXBuildFile;
			settings = {
			};
		};
		6F61B739070CEB2700224E74 = {
			fileRef = F5AF3BF901879D4B0131A0B3;
			isa = PBXBuildFile;
			settings = {
			};
		};
		6F6EFBED070B4EE600BF1E6E = {
			fileRef = 6FF8CC88070B25260099AAD7;
			isa = PBXBuildFile;
			settings = {
			};
		};
		6FC6A54203CC99B700990B69 = {
			isa = PBXFileReference;
			lastKnownFileType = archive.ar;
			name = libmetis.a;
			path = "/Users/helenbrk/Packages/metis-4.0/libmetis.a";
			refType = 0;
			sourceTree = "<absolute>";
		};
		6FC7DED805B30C6E001FE736 = {
			buildPhases = (
				6FC7DED905B30C6E001FE736,
				6FC7DEE205B30C6E001FE736,
				6FC7DEF705B30C6E001FE736,
				6FC7DF0005B30C6E001FE736,
				6FC7DF0105B30C6E001FE736,
			);
			buildRules = (
			);
			buildSettings = {
				CC = "/usr/bin/gcc-3.3";
				CPLUSPLUS = "/usr/bin/g++-3.3";
				FRAMEWORK_SEARCH_PATHS = "";
				GCC_OPTIMIZATION_LEVEL = 3;
				GCC_PREPROCESSOR_DEFINITIONS = "NOMPISRC METIS";
				HEADER_SEARCH_PATHS = "/Users/helenbrk/Codes/include /Users/helenbrk/packages/metis-4.0/Lib ";
				LIBRARY_SEARCH_PATHS = "/Users/helenbrk/Codes/lib /Users/helenbrk/Packages/metis-4.0";
				OTHER_CFLAGS = "";
				OTHER_LDFLAGS = "";
				OTHER_REZFLAGS = "";
				PRODUCT_NAME = mblock;
				REZ_EXECUTABLE = YES;
				SECTORDER_FLAGS = "";
				WARNING_CFLAGS = "-Wmost -Wno-four-char-constants -Wno-unknown-pragmas";
				ZERO_LINK = NO;
			};
			dependencies = (
			);
			isa = PBXNativeTarget;
			name = mblock;
			productName = test2;
			productReference = 6FC7DF0305B30C6E001FE736;
			productType = "com.apple.product-type.tool";
		};
		6FC7DED905B30C6E001FE736 = {
			buildActionMask = 2147483647;
			files = (
				6FC7DEDA05B30C6E001FE736,
				6FC7DEDB05B30C6E001FE736,
				6F08C9CC0703422D002255FC,
				6F08C9CD0703422E002255FC,
				6F08C9CE0703422F002255FC,
				6F08C9CF07034231002255FC,
				6F08C9D007034233002255FC,
				6FCD4659071240D80003FAD1,
			);
			isa = PBXHeadersBuildPhase;
			runOnlyForDeploymentPostprocessing = 0;
		};
		6FC7DEDA05B30C6E001FE736 = {
			fileRef = 07F2E95000974D3D80990B20;
			isa = PBXBuildFile;
			settings = {
			};
		};
		6FC7DEDB05B30C6E001FE736 = {
			fileRef = F528820602B1545D012A8EDA;
			isa = PBXBuildFile;
			settings = {
			};
		};
		6FC7DEE205B30C6E001FE736 = {
			buildActionMask = 2147483647;
			files = (
				6FC7DEE705B30C6E001FE736,
				6FC7DEE805B30C6E001FE736,
				6FC7DEE905B30C6E001FE736,
				6FC7DEEA05B30C6E001FE736,
				6FC7DEEC05B30C6E001FE736,
				6FC7DEED05B30C6E001FE736,
				6FC7DEEE05B30C6E001FE736,
				6FC7DEEF05B30C6E001FE736,
				6FC7DEF005B30C6E001FE736,
				6FC7DEF105B30C6E001FE736,
				6FC7DEF205B30C6E001FE736,
				6FC7DEF305B30C6E001FE736,
				6FC7DEF405B30C6E001FE736,
				6FC7DEF505B30C6E001FE736,
				6FF087B5070261A500D33C7E,
				6F08CA1F0703520F002255FC,
				6F3F739C07066E6E00F4B759,
				6FF8CBB1070A53980099AAD7,
				6FF8CC12070A6D3E0099AAD7,
				6FF8CC8D070B25A40099AAD7,
				6F6EFBED070B4EE600BF1E6E,
				6F61B739070CEB2700224E74,
			);
			isa = PBXSourcesBuildPhase;
			runOnlyForDeploymentPostprocessing = 0;
		};
		6FC7DEE705B30C6E001FE736 = {
			fileRef = 07F2E94600974D3D80990B20;
			isa = PBXBuildFile;
			settings = {
			};
		};
		6FC7DEE805B30C6E001FE736 = {
			fileRef = F5BE6B500162B73801000001;
			isa = PBXBuildFile;
			settings = {
			};
		};
		6FC7DEE905B30C6E001FE736 = {
			fileRef = 07F2E94700974D3D80990B20;
			isa = PBXBuildFile;
			settings = {
			};
		};
		6FC7DEEA05B30C6E001FE736 = {
			fileRef = 07F2E94800974D3D80990B20;
			isa = PBXBuildFile;
			settings = {
			};
		};
		6FC7DEEC05B30C6E001FE736 = {
			fileRef = F515EA5602B7E15B012A8EDA;
			isa = PBXBuildFile;
			settings = {
			};
		};
		6FC7DEED05B30C6E001FE736 = {
			fileRef = 07F2E94B00974D3D80990B20;
			isa = PBXBuildFile;
			settings = {
			};
		};
		6FC7DEEE05B30C6E001FE736 = {
			fileRef = 07F2E94200974D3D80990B20;
			isa = PBXBuildFile;
			settings = {
			};
		};
		6FC7DEEF05B30C6E001FE736 = {
			fileRef = F50FCD7F0128AA9801000001;
			isa = PBXBuildFile;
			settings = {
			};
		};
		6FC7DEF005B30C6E001FE736 = {
			fileRef = F5BDAB54014068AC01000001;
			isa = PBXBuildFile;
			settings = {
			};
		};
		6FC7DEF105B30C6E001FE736 = {
			fileRef = F543FC18014FCBC901000001;
			isa = PBXBuildFile;
			settings = {
			};
		};
		6FC7DEF205B30C6E001FE736 = {
			fileRef = 00E0854300CAD1857F000001;
			isa = PBXBuildFile;
			settings = {
			};
		};
		6FC7DEF305B30C6E001FE736 = {
			fileRef = F5CED4AF015630AA01000001;
			isa = PBXBuildFile;
			settings = {
			};
		};
		6FC7DEF405B30C6E001FE736 = {
			fileRef = F5F975AB0152459801000001;
			isa = PBXBuildFile;
			settings = {
			};
		};
		6FC7DEF505B30C6E001FE736 = {
			fileRef = 07F2E94300974D3D80990B20;
			isa = PBXBuildFile;
			settings = {
			};
		};
		6FC7DEF705B30C6E001FE736 = {
			buildActionMask = 2147483647;
			files = (
				6FC7DEF805B30C6E001FE736,
				6FC7DEF905B30C6E001FE736,
				6FC7DEFA05B30C6E001FE736,
				6FC7DEFB05B30C6E001FE736,
				6FC7DEFE05B30C6E001FE736,
			);
			isa = PBXFrameworksBuildPhase;
			runOnlyForDeploymentPostprocessing = 0;
		};
		6FC7DEF805B30C6E001FE736 = {
			fileRef = F52FE4D402180BEC01990B20;
			isa = PBXBuildFile;
			settings = {
			};
		};
		6FC7DEF905B30C6E001FE736 = {
			fileRef = F52FE4D502180BEC01990B20;
			isa = PBXBuildFile;
			settings = {
			};
		};
		6FC7DEFA05B30C6E001FE736 = {
			fileRef = F5DD976F03A7AAC701990B69;
			isa = PBXBuildFile;
			settings = {
			};
		};
		6FC7DEFB05B30C6E001FE736 = {
			fileRef = 0249A663FF388D9811CA2CEA;
			isa = PBXBuildFile;
			settings = {
			};
		};
		6FC7DEFE05B30C6E001FE736 = {
			fileRef = 6FC6A54203CC99B700990B69;
			isa = PBXBuildFile;
			settings = {
			};
		};
		6FC7DF0005B30C6E001FE736 = {
			buildActionMask = 2147483647;
			files = (
			);
			isa = PBXRezBuildPhase;
			runOnlyForDeploymentPostprocessing = 0;
		};
		6FC7DF0105B30C6E001FE736 = {
			buildActionMask = 8;
			files = (
			);
			isa = PBXShellScriptBuildPhase;
			runOnlyForDeploymentPostprocessing = 1;
			shellPath = /bin/csh;
			shellScript = ./createlib;
		};
		6FC7DF0305B30C6E001FE736 = {
			explicitFileType = "compiled.mach-o.executable";
			includeInIndex = 0;
			isa = PBXFileReference;
			path = mblock;
			refType = 3;
			sourceTree = BUILT_PRODUCTS_DIR;
		};
		6FCD4658071240D80003FAD1 = {
			fileEncoding = 4;
			isa = PBXFileReference;
			lastKnownFileType = sourcecode.c.h;
			path = boundaries.h;
			refType = 2;
			sourceTree = SOURCE_ROOT;
		};
		6FCD4659071240D80003FAD1 = {
			fileRef = 6FCD4658071240D80003FAD1;
			isa = PBXBuildFile;
			settings = {
			};
		};
		6FF087B5070261A500D33C7E = {
			fileRef = F528820502B1545D012A8EDA;
			isa = PBXBuildFile;
			settings = {
			};
		};
		6FF8CBB1070A53980099AAD7 = {
			fileRef = 08FB7796FE84155DC02AAC07;
			isa = PBXBuildFile;
			settings = {
			};
		};
		6FF8CC12070A6D3E0099AAD7 = {
			fileRef = 07F2E94500974D3D80990B20;
			isa = PBXBuildFile;
			settings = {
			};
		};
		6FF8CC88070B25260099AAD7 = {
			explicitFileType = sourcecode.cpp.cpp;
			fileEncoding = 4;
			isa = PBXFileReference;
			path = getnewr_bdry.cpp;
			refType = 2;
			sourceTree = SOURCE_ROOT;
		};
		6FF8CC8C070B25A40099AAD7 = {
			fileEncoding = 4;
			isa = PBXFileReference;
			lastKnownFileType = sourcecode.cpp.cpp;
			path = getnewblock.cpp;
			refType = 2;
			sourceTree = SOURCE_ROOT;
		};
		6FF8CC8D070B25A40099AAD7 = {
			fileRef = 6FF8CC8C070B25A40099AAD7;
			isa = PBXBuildFile;
			settings = {
			};
		};
//6F0
//6F1
//6F2
//6F3
//6F4
//F50
//F51
//F52
//F53
//F54
		F50AF9AC0188A63E01990B20 = {
			fileEncoding = 30;
			isa = PBXFileReference;
			lastKnownFileType = text.script.csh;
			path = createlib;
			refType = 4;
			sourceTree = "<group>";
		};
		F50FCD7F0128AA9801000001 = {
			fileEncoding = 30;
			isa = PBXFileReference;
			lastKnownFileType = sourcecode.cpp.cpp;
			path = triangulate.cpp;
			refType = 2;
			sourceTree = SOURCE_ROOT;
		};
		F515EA5602B7E15B012A8EDA = {
			fileEncoding = 30;
			isa = PBXFileReference;
			lastKnownFileType = sourcecode.cpp.cpp;
			path = refineby2.cpp;
			refType = 2;
			sourceTree = SOURCE_ROOT;
		};
		F51A5D6802B541FB012A8EDA = {
			fileEncoding = 30;
			isa = PBXFileReference;
			lastKnownFileType = sourcecode.c.h;
			path = r_boundary.h;
			refType = 2;
			sourceTree = SOURCE_ROOT;
		};
		F528820502B1545D012A8EDA = {
			fileEncoding = 30;
			isa = PBXFileReference;
			lastKnownFileType = sourcecode.cpp.cpp;
			path = boundary.cpp;
			refType = 2;
			sourceTree = SOURCE_ROOT;
		};
		F528820602B1545D012A8EDA = {
			fileEncoding = 30;
			isa = PBXFileReference;
			lastKnownFileType = sourcecode.c.h;
			path = boundary.h;
			refType = 2;
			sourceTree = SOURCE_ROOT;
		};
		F52FE4D402180BEC01990B20 = {
			isa = PBXFileReference;
			lastKnownFileType = archive.ar;
			name = libquad.a;
			path = ../lib/libquad.a;
			refType = 2;
			sourceTree = SOURCE_ROOT;
		};
		F52FE4D502180BEC01990B20 = {
			isa = PBXFileReference;
			lastKnownFileType = archive.ar;
			name = libutil.a;
			path = ../lib/libutil.a;
			refType = 2;
			sourceTree = SOURCE_ROOT;
		};
		F53FC7D10343C82E01E186A8 = {
			fileEncoding = 30;
			isa = PBXFileReference;
			lastKnownFileType = sourcecode.cpp.cpp;
			path = blocks.cpp;
			refType = 2;
			sourceTree = SOURCE_ROOT;
		};
		F543FC18014FCBC901000001 = {
			fileEncoding = 30;
			isa = PBXFileReference;
			lastKnownFileType = sourcecode.cpp.cpp;
			path = rebay.cpp;
			refType = 2;
			sourceTree = SOURCE_ROOT;
		};
		F556D7CB0226C8DC01990B20 = {
			children = (
				F50AF9AC0188A63E01990B20,
				F556D7CC0226C8DC01990B20,
			);
			isa = PBXGroup;
			name = Scripts;
			path = "";
			refType = 4;
			sourceTree = "<group>";
		};
		F556D7CC0226C8DC01990B20 = {
			fileEncoding = 30;
			isa = PBXFileReference;
			lastKnownFileType = sourcecode.make;
			path = makefile;
			refType = 4;
			sourceTree = "<group>";
		};
		F573B1BB0379A61301990B69 = {
			fileEncoding = 30;
			isa = PBXFileReference;
			lastKnownFileType = sourcecode.c.h;
			path = mgblock.h;
			refType = 2;
			sourceTree = SOURCE_ROOT;
		};
		F5AF3BF901879D4B0131A0B3 = {
			fileEncoding = 30;
			isa = PBXFileReference;
			lastKnownFileType = sourcecode.cpp.cpp;
			path = getnewbdry.cpp;
			refType = 2;
			sourceTree = SOURCE_ROOT;
		};
		F5BDAB54014068AC01000001 = {
			fileEncoding = 30;
			isa = PBXFileReference;
			lastKnownFileType = sourcecode.cpp.cpp;
			path = insert.cpp;
			refType = 2;
			sourceTree = SOURCE_ROOT;
		};
		F5BE6B500162B73801000001 = {
			fileEncoding = 30;
			isa = PBXFileReference;
			lastKnownFileType = sourcecode.cpp.cpp;
			path = copy.cpp;
			refType = 2;
			sourceTree = SOURCE_ROOT;
		};
		F5C9C262032CCEAF01990B69 = {
			fileEncoding = 30;
			isa = PBXFileReference;
			lastKnownFileType = sourcecode.c.h;
			path = block.h;
			refType = 2;
			sourceTree = SOURCE_ROOT;
		};
		F5CED4AF015630AA01000001 = {
			fileEncoding = 30;
			isa = PBXFileReference;
			lastKnownFileType = sourcecode.cpp.cpp;
			path = swap.cpp;
			refType = 2;
			sourceTree = SOURCE_ROOT;
		};
		F5DD976E03A78D2301990B69 = {
			children = (
				F5DD977303A7C78201990B69,
				F5DD977403A7C89401990B69,
				F5DD977503A7CB2801990B69,
			);
			isa = PBXGroup;
			name = Inputs;
			path = "";
			refType = 4;
			sourceTree = "<group>";
		};
		F5DD976F03A7AAC701990B69 = {
			isa = PBXFileReference;
			lastKnownFileType = archive.ar;
			name = libinput_map.a;
			path = /Users/helenbrk/Codes/lib/libinput_map.a;
			refType = 0;
			sourceTree = "<absolute>";
		};
		F5DD977303A7C78201990B69 = {
			isa = PBXFileReference;
			lastKnownFileType = text;
			path = blocks.inpt;
			refType = 4;
			sourceTree = "<group>";
		};
		F5DD977403A7C89401990B69 = {
			isa = PBXFileReference;
			lastKnownFileType = text;
			path = blk.0.inpt;
			refType = 4;
			sourceTree = "<group>";
		};
		F5DD977503A7CB2801990B69 = {
			isa = PBXFileReference;
			lastKnownFileType = text;
			path = blk.1.inpt;
			refType = 4;
			sourceTree = "<group>";
		};
		F5F975AB0152459801000001 = {
			fileEncoding = 30;
			isa = PBXFileReference;
			lastKnownFileType = sourcecode.cpp.cpp;
			path = yaber.cpp;
			refType = 2;
			sourceTree = SOURCE_ROOT;
		};
	};
	rootObject = 08FB7793FE84155DC02AAC07;
}
