// !$*UTF8*$!
{
	archiveVersion = 1;
	classes = {
	};
	objectVersion = 46;
	objects = {

/* Begin PBXBuildFile section */
		6F4CCC4C0CDAC316009F79DE /* tri_basis.h in Headers */ = {isa = PBXBuildFile; fileRef = 6F4CCC4B0CDAC316009F79DE /* tri_basis.h */; };
		6FBD8A82084C14040057FD8F /* libmyblas.a in Frameworks */ = {isa = PBXBuildFile; fileRef = 6FBD8A81084C14040057FD8F /* libmyblas.a */; };
		6FEB5D4710172444000E6287 /* instances.cpp in Sources */ = {isa = PBXBuildFile; fileRef = 6FEB5D4610172444000E6287 /* instances.cpp */; };
		6FEB5D4810172444000E6287 /* instances.cpp in Sources */ = {isa = PBXBuildFile; fileRef = 6FEB5D4610172444000E6287 /* instances.cpp */; };
		6FF1B1D60CDBCC9E00A4F68E /* tri_basis.h in Headers */ = {isa = PBXBuildFile; fileRef = 6F4CCC4B0CDAC316009F79DE /* tri_basis.h */; settings = {ATTRIBUTES = (Public, ); }; };
		8DD76F650486A84900D96B5E /* main.cpp in Sources */ = {isa = PBXBuildFile; fileRef = 08FB7796FE84155DC02AAC07 /* main.cpp */; settings = {ATTRIBUTES = (); }; };
		E6FA5FC8182B377300568351 /* Accelerate.framework in Frameworks */ = {isa = PBXBuildFile; fileRef = E6FA5FC7182B377300568351 /* Accelerate.framework */; };
		E6FA5FC9182B386C00568351 /* Accelerate.framework in Frameworks */ = {isa = PBXBuildFile; fileRef = E6FA5FC7182B377300568351 /* Accelerate.framework */; };
/* End PBXBuildFile section */

/* Begin PBXFileReference section */
		08FB7796FE84155DC02AAC07 /* main.cpp */ = {isa = PBXFileReference; fileEncoding = 4; lastKnownFileType = sourcecode.cpp.cpp; path = main.cpp; sourceTree = "<group>"; };
		6F33E671086787710029F2D6 /* libtri_basis.a */ = {isa = PBXFileReference; explicitFileType = archive.ar; includeInIndex = 0; path = libtri_basis.a; sourceTree = BUILT_PRODUCTS_DIR; };
		6F4CCC490CDAC301009F79DE /* probe.cpp */ = {isa = PBXFileReference; fileEncoding = 30; lastKnownFileType = sourcecode.cpp.cpp; path = probe.cpp; sourceTree = "<group>"; };
		6F4CCC4B0CDAC316009F79DE /* tri_basis.h */ = {isa = PBXFileReference; fileEncoding = 30; lastKnownFileType = sourcecode.c.h; path = tri_basis.h; sourceTree = "<group>"; };
		6FBD8A69084C13780057FD8F /* initialize.cpp */ = {isa = PBXFileReference; fileEncoding = 30; lastKnownFileType = sourcecode.cpp.cpp; path = initialize.cpp; sourceTree = "<group>"; };
		6FBD8A6A084C13780057FD8F /* intgrt.cpp */ = {isa = PBXFileReference; fileEncoding = 30; lastKnownFileType = sourcecode.cpp.cpp; path = intgrt.cpp; sourceTree = "<group>"; };
		6FBD8A6B084C13780057FD8F /* intgrt1d.cpp */ = {isa = PBXFileReference; fileEncoding = 30; lastKnownFileType = sourcecode.cpp.cpp; path = intgrt1d.cpp; sourceTree = "<group>"; };
		6FBD8A6C084C13780057FD8F /* proj.cpp */ = {isa = PBXFileReference; fileEncoding = 30; lastKnownFileType = sourcecode.cpp.cpp; path = proj.cpp; sourceTree = "<group>"; };
		6FBD8A6D084C13780057FD8F /* proj1d.cpp */ = {isa = PBXFileReference; fileEncoding = 30; lastKnownFileType = sourcecode.cpp.cpp; path = proj1d.cpp; sourceTree = "<group>"; };
		6FBD8A6E084C13780057FD8F /* ptvalues.cpp */ = {isa = PBXFileReference; fileEncoding = 30; lastKnownFileType = sourcecode.cpp.cpp; path = ptvalues.cpp; sourceTree = "<group>"; };
		6FBD8A7A084C13AF0057FD8F /* makefile */ = {isa = PBXFileReference; fileEncoding = 30; lastKnownFileType = sourcecode.make; path = makefile; sourceTree = "<group>"; };
		6FBD8A81084C14040057FD8F /* libmyblas.a */ = {isa = PBXFileReference; lastKnownFileType = archive.ar; name = libmyblas.a; path = ../lib/libmyblas.a; sourceTree = SOURCE_ROOT; };
		6FEB5D4610172444000E6287 /* instances.cpp */ = {isa = PBXFileReference; fileEncoding = 4; lastKnownFileType = sourcecode.cpp.cpp; path = instances.cpp; sourceTree = "<group>"; };
		8DD76F6C0486A84900D96B5E /* tri_basis */ = {isa = PBXFileReference; explicitFileType = "compiled.mach-o.executable"; includeInIndex = 0; path = tri_basis; sourceTree = BUILT_PRODUCTS_DIR; };
		E6FA5FC7182B377300568351 /* Accelerate.framework */ = {isa = PBXFileReference; lastKnownFileType = wrapper.framework; name = Accelerate.framework; path = ../../../../System/Library/Frameworks/Accelerate.framework; sourceTree = "<group>"; };
/* End PBXFileReference section */

/* Begin PBXFrameworksBuildPhase section */
		6F33E66F086787710029F2D6 /* Frameworks */ = {
			isa = PBXFrameworksBuildPhase;
			buildActionMask = 2147483647;
			files = (
				E6FA5FC8182B377300568351 /* Accelerate.framework in Frameworks */,
			);
			runOnlyForDeploymentPostprocessing = 0;
		};
		8DD76F660486A84900D96B5E /* Frameworks */ = {
			isa = PBXFrameworksBuildPhase;
			buildActionMask = 2147483647;
			files = (
				E6FA5FC9182B386C00568351 /* Accelerate.framework in Frameworks */,
				6FBD8A82084C14040057FD8F /* libmyblas.a in Frameworks */,
			);
			runOnlyForDeploymentPostprocessing = 0;
		};
/* End PBXFrameworksBuildPhase section */

/* Begin PBXGroup section */
		08FB7794FE84155DC02AAC07 /* tri_basis */ = {
			isa = PBXGroup;
			children = (
				08FB7795FE84155DC02AAC07 /* Source */,
				6FBD8A78084C139E0057FD8F /* Scripts */,
				6FBD8A89084C14550057FD8F /* Libraries */,
				1AB674ADFE9D54B511CA2CBB /* Products */,
			);
			name = tri_basis;
			sourceTree = "<group>";
		};
		08FB7795FE84155DC02AAC07 /* Source */ = {
			isa = PBXGroup;
			children = (
				08FB7796FE84155DC02AAC07 /* main.cpp */,
				6FEB5D4610172444000E6287 /* instances.cpp */,
				6F4CCC4B0CDAC316009F79DE /* tri_basis.h */,
				6FBD8A69084C13780057FD8F /* initialize.cpp */,
				6FBD8A6A084C13780057FD8F /* intgrt.cpp */,
				6FBD8A6B084C13780057FD8F /* intgrt1d.cpp */,
				6FBD8A6C084C13780057FD8F /* proj.cpp */,
				6FBD8A6D084C13780057FD8F /* proj1d.cpp */,
				6F4CCC490CDAC301009F79DE /* probe.cpp */,
				6FBD8A6E084C13780057FD8F /* ptvalues.cpp */,
			);
			name = Source;
			sourceTree = "<group>";
		};
		1AB674ADFE9D54B511CA2CBB /* Products */ = {
			isa = PBXGroup;
			children = (
				8DD76F6C0486A84900D96B5E /* tri_basis */,
				6F33E671086787710029F2D6 /* libtri_basis.a */,
			);
			name = Products;
			sourceTree = "<group>";
		};
		6FBD8A78084C139E0057FD8F /* Scripts */ = {
			isa = PBXGroup;
			children = (
				6FBD8A7A084C13AF0057FD8F /* makefile */,
			);
			name = Scripts;
			sourceTree = "<group>";
		};
		6FBD8A89084C14550057FD8F /* Libraries */ = {
			isa = PBXGroup;
			children = (
				E6FA5FC7182B377300568351 /* Accelerate.framework */,
				6FBD8A81084C14040057FD8F /* libmyblas.a */,
			);
			name = Libraries;
			sourceTree = "<group>";
		};
/* End PBXGroup section */

/* Begin PBXHeadersBuildPhase section */
		6F33E66D086787710029F2D6 /* Headers */ = {
			isa = PBXHeadersBuildPhase;
			buildActionMask = 2147483647;
			files = (
				6FF1B1D60CDBCC9E00A4F68E /* tri_basis.h in Headers */,
			);
			runOnlyForDeploymentPostprocessing = 0;
		};
		6FBD8AA8084C157F0057FD8F /* Headers */ = {
			isa = PBXHeadersBuildPhase;
			buildActionMask = 2147483647;
			files = (
				6F4CCC4C0CDAC316009F79DE /* tri_basis.h in Headers */,
			);
			runOnlyForDeploymentPostprocessing = 0;
		};
/* End PBXHeadersBuildPhase section */

/* Begin PBXNativeTarget section */
		6F33E670086787710029F2D6 /* tri_basis */ = {
			isa = PBXNativeTarget;
			buildConfigurationList = 6F33E672086787BF0029F2D6 /* Build configuration list for PBXNativeTarget "tri_basis" */;
			buildPhases = (
				6F33E66D086787710029F2D6 /* Headers */,
				6F33E66E086787710029F2D6 /* Sources */,
				6F33E66F086787710029F2D6 /* Frameworks */,
			);
			buildRules = (
			);
			dependencies = (
			);
			name = tri_basis;
			productName = tri_basis;
			productReference = 6F33E671086787710029F2D6 /* libtri_basis.a */;
			productType = "com.apple.product-type.library.static";
		};
		8DD76F620486A84900D96B5E /* main */ = {
			isa = PBXNativeTarget;
			buildConfigurationList = 6FD8AD400864E338005A8B60 /* Build configuration list for PBXNativeTarget "main" */;
			buildPhases = (
				6FBD8AA8084C157F0057FD8F /* Headers */,
				8DD76F640486A84900D96B5E /* Sources */,
				8DD76F660486A84900D96B5E /* Frameworks */,
			);
			buildRules = (
			);
			dependencies = (
			);
			name = main;
			productInstallPath = "$(HOME)/bin";
			productName = tri_basis;
			productReference = 8DD76F6C0486A84900D96B5E /* tri_basis */;
			productType = "com.apple.product-type.tool";
		};
/* End PBXNativeTarget section */

/* Begin PBXProject section */
		08FB7793FE84155DC02AAC07 /* Project object */ = {
			isa = PBXProject;
			attributes = {
				LastUpgradeCheck = 0710;
			};
			buildConfigurationList = 6FD8AD440864E338005A8B60 /* Build configuration list for PBXProject "tri_basis" */;
			compatibilityVersion = "Xcode 3.2";
			developmentRegion = English;
			hasScannedForEncodings = 1;
			knownRegions = (
				English,
				Japanese,
				French,
				German,
			);
			mainGroup = 08FB7794FE84155DC02AAC07 /* tri_basis */;
			projectDirPath = "";
			projectRoot = "";
			targets = (
				6F33E670086787710029F2D6 /* tri_basis */,
				8DD76F620486A84900D96B5E /* main */,
			);
		};
/* End PBXProject section */

/* Begin PBXSourcesBuildPhase section */
		6F33E66E086787710029F2D6 /* Sources */ = {
			isa = PBXSourcesBuildPhase;
			buildActionMask = 2147483647;
			files = (
				6FEB5D4710172444000E6287 /* instances.cpp in Sources */,
			);
			runOnlyForDeploymentPostprocessing = 0;
		};
		8DD76F640486A84900D96B5E /* Sources */ = {
			isa = PBXSourcesBuildPhase;
			buildActionMask = 2147483647;
			files = (
				8DD76F650486A84900D96B5E /* main.cpp in Sources */,
				6FEB5D4810172444000E6287 /* instances.cpp in Sources */,
			);
			runOnlyForDeploymentPostprocessing = 0;
		};
/* End PBXSourcesBuildPhase section */

/* Begin XCBuildConfiguration section */
		6F33E673086787BF0029F2D6 /* Debug */ = {
			isa = XCBuildConfiguration;
			buildSettings = {
				DEPLOYMENT_LOCATION = YES;
				DSTROOT = ..;
				GCC_PREPROCESSOR_DEFINITIONS = (
					f2cFortran,
					BZ_DEBUG,
				);
				INSTALL_PATH = /lib;
				PRODUCT_NAME = tri_basis;
				PUBLIC_HEADERS_FOLDER_PATH = /include;
			};
			name = Debug;
		};
		6F33E674086787BF0029F2D6 /* Release */ = {
			isa = XCBuildConfiguration;
			buildSettings = {
				DEPLOYMENT_LOCATION = YES;
				DSTROOT = ..;
				GCC_PREPROCESSOR_DEFINITIONS = f2cFortran;
				INSTALL_PATH = /lib;
				PRODUCT_NAME = tri_basis;
				PUBLIC_HEADERS_FOLDER_PATH = /include;
			};
			name = Release;
		};
		6FD8AD410864E338005A8B60 /* Debug */ = {
			isa = XCBuildConfiguration;
			buildSettings = {
				GCC_PREPROCESSOR_DEFINITIONS = (
					f2cFortran,
					BZ_DEBUG,
				);
				INSTALL_PATH = "$(HOME)/bin";
				OTHER_LDFLAGS = "-lblitz";
				PRODUCT_NAME = tri_basis;
			};
			name = Debug;
		};
		6FD8AD420864E338005A8B60 /* Release */ = {
			isa = XCBuildConfiguration;
			buildSettings = {
				GCC_PREPROCESSOR_DEFINITIONS = f2cFortran;
				INSTALL_PATH = "$(HOME)/bin";
				OTHER_LDFLAGS = "-lblitz";
				PRODUCT_NAME = tri_basis;
			};
			name = Release;
		};
		6FD8AD450864E338005A8B60 /* Debug */ = {
			isa = XCBuildConfiguration;
			buildSettings = {
				ENABLE_TESTABILITY = YES;
				GCC_OPTIMIZATION_LEVEL = 0;
				HEADER_SEARCH_PATHS = (
					../include,
					"$(PACKAGES)/include",
				);
				LIBRARY_SEARCH_PATHS = (
					"$(PACKAGES)/lib/",
					../lib,
				);
				ONLY_ACTIVE_ARCH = YES;
				PACKAGES = /usr/local;
			};
			name = Debug;
		};
		6FD8AD460864E338005A8B60 /* Release */ = {
			isa = XCBuildConfiguration;
			buildSettings = {
				GCC_OPTIMIZATION_LEVEL = 3;
				HEADER_SEARCH_PATHS = (
					../include,
					"$(PACKAGES)/include",
				);
				LIBRARY_SEARCH_PATHS = (
					"$(PACKAGES)/lib/",
					../lib,
				);
				ONLY_ACTIVE_ARCH = YES;
				PACKAGES = /usr/local;
			};
			name = Release;
		};
/* End XCBuildConfiguration section */

/* Begin XCConfigurationList section */
		6F33E672086787BF0029F2D6 /* Build configuration list for PBXNativeTarget "tri_basis" */ = {
			isa = XCConfigurationList;
			buildConfigurations = (
				6F33E673086787BF0029F2D6 /* Debug */,
				6F33E674086787BF0029F2D6 /* Release */,
			);
			defaultConfigurationIsVisible = 0;
			defaultConfigurationName = Release;
		};
		6FD8AD400864E338005A8B60 /* Build configuration list for PBXNativeTarget "main" */ = {
			isa = XCConfigurationList;
			buildConfigurations = (
				6FD8AD410864E338005A8B60 /* Debug */,
				6FD8AD420864E338005A8B60 /* Release */,
			);
			defaultConfigurationIsVisible = 0;
			defaultConfigurationName = Release;
		};
		6FD8AD440864E338005A8B60 /* Build configuration list for PBXProject "tri_basis" */ = {
			isa = XCConfigurationList;
			buildConfigurations = (
				6FD8AD450864E338005A8B60 /* Debug */,
				6FD8AD460864E338005A8B60 /* Release */,
			);
			defaultConfigurationIsVisible = 0;
			defaultConfigurationName = Release;
		};
/* End XCConfigurationList section */
	};
	rootObject = 08FB7793FE84155DC02AAC07 /* Project object */;
}
