// !$*UTF8*$!
{
	archiveVersion = 1;
	classes = {
	};
	objectVersion = 39;
	objects = {
		014CEA460018CE2711CA2923 = {
			buildRules = (
			);
			buildSettings = {
				COPY_PHASE_STRIP = NO;
				GCC_DYNAMIC_NO_PIC = NO;
				GCC_ENABLE_FIX_AND_CONTINUE = YES;
				GCC_GENERATE_DEBUGGING_SYMBOLS = YES;
				GCC_OPTIMIZATION_LEVEL = 0;
				OPTIMIZATION_CFLAGS = "-O0";
				ZERO_LINK = YES;
			};
			isa = PBXBuildStyle;
			name = Development;
		};
		014CEA470018CE2711CA2923 = {
			buildRules = (
			);
			buildSettings = {
				COPY_PHASE_STRIP = YES;
				GCC_ENABLE_FIX_AND_CONTINUE = NO;
				ZERO_LINK = NO;
			};
			isa = PBXBuildStyle;
			name = Deployment;
		};
//010
//011
//012
//013
//014
//020
//021
//022
//023
//024
		0249A662FF388D9811CA2CEA = {
			children = (
				F5EACF8102C2B7D4015D0A1B,
				F52FE4D902180CBB01990B20,
				F52FE4D802180CBB01990B20,
				F52FE4DC02180FA201990B20,
				F58209B601808CC201990B20,
				F5605E2102C2C2F501AA3076,
				F5605E1D02C2C26901AA3076,
				F51A851D02DDC6D7012A8EDA,
				F5605E1E02C2C26901AA3076,
				0249A663FF388D9811CA2CEA,
				F51291FA0336051D01990B69,
			);
			isa = PBXGroup;
			name = "External Frameworks and Libraries";
			refType = 4;
			sourceTree = "<group>";
		};
		0249A663FF388D9811CA2CEA = {
			isa = PBXFileReference;
			lastKnownFileType = archive.ar;
			name = "libstdc++.a";
			path = "/usr/lib/libstdc++.a";
			refType = 0;
			sourceTree = "<absolute>";
		};
//020
//021
//022
//023
//024
//080
//081
//082
//083
//084
		08FB7793FE84155DC02AAC07 = {
			buildSettings = {
			};
			buildStyles = (
				014CEA460018CE2711CA2923,
				014CEA470018CE2711CA2923,
			);
			hasScannedForEncodings = 1;
			isa = PBXProject;
			mainGroup = 08FB7794FE84155DC02AAC07;
			projectDirPath = "";
			targets = (
				6FA5712405AE030D003EC856,
			);
		};
		08FB7794FE84155DC02AAC07 = {
			children = (
				F52FE4CF0214251601990B20,
				08FB7795FE84155DC02AAC07,
				F5FA3CD703534BC501990B69,
				0249A662FF388D9811CA2CEA,
				1AB674ADFE9D54B511CA2CBB,
			);
			isa = PBXGroup;
			name = "planar++";
			refType = 4;
			sourceTree = "<group>";
		};
		08FB7795FE84155DC02AAC07 = {
			children = (
				6F1BFA3C04F401C300990B69,
				F53AD9AF0173E34A01000001,
				F5A85EFB0186FF6101990B20,
				F5125C0D01728F7501000001,
				F58BA1070176870001990B20,
				F50AF9AD0188A79101990B20,
				F5D29C8B017777F4015A943B,
				F512923C03362F0701990B69,
				F5573A45017A8DCA01844834,
				F5F454CE017B8027012831FF,
				F5A17FF3017CD50401990B20,
				F525D077017F63DC01990B20,
				F5D49A36018E4DE001601E15,
				F5EF233C018F35F701990B20,
				F51211320190A2DE01990B20,
				F512112A01908E3801990B20,
				F512112C01908E7201990B20,
				F5D77C330191A7E901990B20,
				F5D49A38018E525101601E15,
				F533C5CF01938985017C3E7F,
				F5D77C310191A7BB01990B20,
				F52FC80E01BE791F01990B20,
				F50AF9AF0188AC3601990B20,
				F564AD060185F05601990B20,
				F5A11A6A029ABBE001990B20,
				F52FE4D0021429E601990B20,
				F581CD2901989D4B01990B20,
				F581CD240198731301990B20,
				F5AC61740252568D01990B20,
				F505FF0F0192F1EB01990B20,
				F505FF100192F1EB01990B20,
				F505FF110192F1EB01990B20,
				F54BE4D201E1038D01990B20,
			);
			isa = PBXGroup;
			name = Source;
			refType = 4;
			sourceTree = "<group>";
		};
//080
//081
//082
//083
//084
//1A0
//1A1
//1A2
//1A3
//1A4
		1AB674ADFE9D54B511CA2CBB = {
			children = (
				6F36D9BC03C60AC700990B69,
				6FA5715005AE030D003EC856,
			);
			isa = PBXGroup;
			name = Products;
			refType = 4;
			sourceTree = "<group>";
		};
//1A0
//1A1
//1A2
//1A3
//1A4
//6F0
//6F1
//6F2
//6F3
//6F4
		6F1BFA3C04F401C300990B69 = {
			fileEncoding = 4;
			isa = PBXFileReference;
			lastKnownFileType = sourcecode.c.h;
			path = defines.h;
			refType = 4;
			sourceTree = "<group>";
		};
		6F36D9BC03C60AC700990B69 = {
			fileEncoding = 30;
			isa = PBXFileReference;
			lastKnownFileType = sourcecode.make;
			path = makefile;
			refType = 4;
			sourceTree = "<group>";
		};
		6F48973704867DAD00990B69 = {
			fileEncoding = 4;
			isa = PBXFileReference;
			lastKnownFileType = sourcecode.cpp.cpp;
			path = lengthcd.cpp;
			refType = 4;
			sourceTree = "<group>";
		};
		6FA5712405AE030D003EC856 = {
			buildPhases = (
				6FA5712505AE030D003EC856,
				6FA5712B05AE030D003EC856,
				6FA5714605AE030D003EC856,
				6FA5714E05AE030D003EC856,
			);
			buildRules = (
			);
			buildSettings = {
				CC = "/usr/bin/gcc-3.3";
				CPLUSPLUS = "/usr/bin/g++-3.3";
				FRAMEWORK_SEARCH_PATHS = "";
				GCC_OPTIMIZATION_LEVEL = 3;
				GCC_PREPROCESSOR_DEFINITIONS = "f2cFortran NO_PV3 NOUNDERSCORE NOUNS";
				HEADER_SEARCH_PATHS = ../include;
				LIBRARY_SEARCH_PATHS = "../lib /Users/helenbrk/packages/pvm3/lib/DARWIN /Users/helenbrk/packages/pV3";
				OTHER_CFLAGS = "";
				OTHER_LDFLAGS = "";
				OTHER_REZFLAGS = "";
				PRODUCT_NAME = sphp;
				REZ_EXECUTABLE = YES;
				SECTORDER_FLAGS = "";
				WARNING_CFLAGS = "-Wmost -Wno-four-char-constants -Wno-unknown-pragmas";
			};
			dependencies = (
			);
			isa = PBXNativeTarget;
			name = sphp;
			productName = "planar++";
			productReference = 6FA5715005AE030D003EC856;
			productType = "com.apple.product-type.tool";
		};
		6FA5712505AE030D003EC856 = {
			buildActionMask = 2147483647;
			files = (
				6FA5712605AE030D003EC856,
				6FA5712705AE030D003EC856,
				6FA5712805AE030D003EC856,
				6FA5712905AE030D003EC856,
				6FA5712A05AE030D003EC856,
			);
			isa = PBXHeadersBuildPhase;
			runOnlyForDeploymentPostprocessing = 0;
		};
		6FA5712605AE030D003EC856 = {
			fileRef = F5125C0D01728F7501000001;
			isa = PBXBuildFile;
			settings = {
			};
		};
		6FA5712705AE030D003EC856 = {
			fileRef = F505FF0F0192F1EB01990B20;
			isa = PBXBuildFile;
			settings = {
				ATTRIBUTES = (
				);
			};
		};
		6FA5712805AE030D003EC856 = {
			fileRef = F5D49A36018E4DE001601E15;
			isa = PBXBuildFile;
			settings = {
			};
		};
		6FA5712905AE030D003EC856 = {
			fileRef = F581CD2901989D4B01990B20;
			isa = PBXBuildFile;
			settings = {
			};
		};
		6FA5712A05AE030D003EC856 = {
			fileRef = 6F1BFA3C04F401C300990B69;
			isa = PBXBuildFile;
			settings = {
			};
		};
		6FA5712B05AE030D003EC856 = {
			buildActionMask = 2147483647;
			files = (
				6FA5712C05AE030D003EC856,
				6FA5712D05AE030D003EC856,
				6FA5712E05AE030D003EC856,
				6FA5712F05AE030D003EC856,
				6FA5713005AE030D003EC856,
				6FA5713105AE030D003EC856,
				6FA5713205AE030D003EC856,
				6FA5713305AE030D003EC856,
				6FA5713405AE030D003EC856,
				6FA5713505AE030D003EC856,
				6FA5713605AE030D003EC856,
				6FA5713705AE030D003EC856,
				6FA5713805AE030D003EC856,
				6FA5713905AE030D003EC856,
				6FA5713A05AE030D003EC856,
				6FA5713B05AE030D003EC856,
				6FA5713C05AE030D003EC856,
				6FA5713D05AE030D003EC856,
				6FA5713E05AE030D003EC856,
				6FA5713F05AE030D003EC856,
				6FA5714005AE030D003EC856,
				6FA5714105AE030D003EC856,
				6FA5714205AE030D003EC856,
				6FA5714305AE030D003EC856,
				6FA5714405AE030D003EC856,
				6FA5714505AE030D003EC856,
			);
			isa = PBXSourcesBuildPhase;
			runOnlyForDeploymentPostprocessing = 0;
		};
		6FA5712C05AE030D003EC856 = {
			fileRef = F53AD9AF0173E34A01000001;
			isa = PBXBuildFile;
			settings = {
			};
		};
		6FA5712D05AE030D003EC856 = {
			fileRef = F58BA1070176870001990B20;
			isa = PBXBuildFile;
			settings = {
			};
		};
		6FA5712E05AE030D003EC856 = {
			fileRef = F5D29C8B017777F4015A943B;
			isa = PBXBuildFile;
			settings = {
			};
		};
		6FA5712F05AE030D003EC856 = {
			fileRef = F5573A45017A8DCA01844834;
			isa = PBXBuildFile;
			settings = {
			};
		};
		6FA5713005AE030D003EC856 = {
			fileRef = F5F454CE017B8027012831FF;
			isa = PBXBuildFile;
			settings = {
			};
		};
		6FA5713105AE030D003EC856 = {
			fileRef = F5A17FF3017CD50401990B20;
			isa = PBXBuildFile;
			settings = {
			};
		};
		6FA5713205AE030D003EC856 = {
			fileRef = F525D077017F63DC01990B20;
			isa = PBXBuildFile;
			settings = {
			};
		};
		6FA5713305AE030D003EC856 = {
			fileRef = F5A85EFB0186FF6101990B20;
			isa = PBXBuildFile;
			settings = {
			};
		};
		6FA5713405AE030D003EC856 = {
			fileRef = F50AF9AD0188A79101990B20;
			isa = PBXBuildFile;
			settings = {
			};
		};
		6FA5713505AE030D003EC856 = {
			fileRef = F5EF233C018F35F701990B20;
			isa = PBXBuildFile;
			settings = {
			};
		};
		6FA5713605AE030D003EC856 = {
			fileRef = F512112C01908E7201990B20;
			isa = PBXBuildFile;
			settings = {
			};
		};
		6FA5713705AE030D003EC856 = {
			fileRef = F512112A01908E3801990B20;
			isa = PBXBuildFile;
			settings = {
			};
		};
		6FA5713805AE030D003EC856 = {
			fileRef = F51211320190A2DE01990B20;
			isa = PBXBuildFile;
			settings = {
			};
		};
		6FA5713905AE030D003EC856 = {
			fileRef = F5D77C330191A7E901990B20;
			isa = PBXBuildFile;
			settings = {
			};
		};
		6FA5713A05AE030D003EC856 = {
			fileRef = F505FF100192F1EB01990B20;
			isa = PBXBuildFile;
			settings = {
			};
		};
		6FA5713B05AE030D003EC856 = {
			fileRef = F505FF110192F1EB01990B20;
			isa = PBXBuildFile;
			settings = {
			};
		};
		6FA5713C05AE030D003EC856 = {
			fileRef = F581CD240198731301990B20;
			isa = PBXBuildFile;
			settings = {
			};
		};
		6FA5713D05AE030D003EC856 = {
			fileRef = F564AD060185F05601990B20;
			isa = PBXBuildFile;
			settings = {
			};
		};
		6FA5713E05AE030D003EC856 = {
			fileRef = F54BE4D201E1038D01990B20;
			isa = PBXBuildFile;
			settings = {
			};
		};
		6FA5713F05AE030D003EC856 = {
			fileRef = F5AC61740252568D01990B20;
			isa = PBXBuildFile;
			settings = {
			};
		};
		6FA5714005AE030D003EC856 = {
			fileRef = F512923C03362F0701990B69;
			isa = PBXBuildFile;
			settings = {
			};
		};
		6FA5714105AE030D003EC856 = {
			fileRef = F5D49A38018E525101601E15;
			isa = PBXBuildFile;
			settings = {
			};
		};
		6FA5714205AE030D003EC856 = {
			fileRef = F533C5CF01938985017C3E7F;
			isa = PBXBuildFile;
			settings = {
			};
		};
		6FA5714305AE030D003EC856 = {
			fileRef = F5D77C310191A7BB01990B20;
			isa = PBXBuildFile;
			settings = {
			};
		};
		6FA5714405AE030D003EC856 = {
			fileRef = F52FC80E01BE791F01990B20;
			isa = PBXBuildFile;
			settings = {
			};
		};
		6FA5714505AE030D003EC856 = {
			fileRef = F50AF9AF0188AC3601990B20;
			isa = PBXBuildFile;
			settings = {
			};
		};
		6FA5714605AE030D003EC856 = {
			buildActionMask = 2147483647;
			files = (
				6FA5714705AE030D003EC856,
				6FA5714805AE030D003EC856,
				6FA5714905AE030D003EC856,
				6FA5714A05AE030D003EC856,
				6FA5714B05AE030D003EC856,
				6FA5714C05AE030D003EC856,
				6FA5714D05AE030D003EC856,
			);
			isa = PBXFrameworksBuildPhase;
			runOnlyForDeploymentPostprocessing = 0;
		};
		6FA5714705AE030D003EC856 = {
			fileRef = F5EACF8102C2B7D4015D0A1B;
			isa = PBXBuildFile;
			settings = {
			};
		};
		6FA5714805AE030D003EC856 = {
			fileRef = F52FE4D802180CBB01990B20;
			isa = PBXBuildFile;
			settings = {
			};
		};
		6FA5714905AE030D003EC856 = {
			fileRef = F58209B601808CC201990B20;
			isa = PBXBuildFile;
			settings = {
			};
		};
		6FA5714A05AE030D003EC856 = {
			fileRef = F52FE4D902180CBB01990B20;
			isa = PBXBuildFile;
			settings = {
			};
		};
		6FA5714B05AE030D003EC856 = {
			fileRef = F52FE4DC02180FA201990B20;
			isa = PBXBuildFile;
			settings = {
			};
		};
		6FA5714C05AE030D003EC856 = {
			fileRef = F51291FA0336051D01990B69;
			isa = PBXBuildFile;
			settings = {
			};
		};
		6FA5714D05AE030D003EC856 = {
			fileRef = 0249A663FF388D9811CA2CEA;
			isa = PBXBuildFile;
			settings = {
			};
		};
		6FA5714E05AE030D003EC856 = {
			buildActionMask = 2147483647;
			files = (
			);
			isa = PBXRezBuildPhase;
			runOnlyForDeploymentPostprocessing = 0;
		};
		6FA5715005AE030D003EC856 = {
			explicitFileType = "compiled.mach-o.executable";
			includeInIndex = 0;
			isa = PBXFileReference;
			path = sphp;
			refType = 3;
			sourceTree = BUILT_PRODUCTS_DIR;
		};
//6F0
//6F1
//6F2
//6F3
//6F4
//F50
//F51
//F52
//F53
//F54
		F505FF0F0192F1EB01990B20 = {
			fileEncoding = 30;
			isa = PBXFileReference;
			lastKnownFileType = sourcecode.c.h;
			path = blocks.h;
			refType = 4;
			sourceTree = "<group>";
		};
		F505FF100192F1EB01990B20 = {
			fileEncoding = 30;
			isa = PBXFileReference;
			lastKnownFileType = sourcecode.cpp.cpp;
			path = block.cpp;
			refType = 4;
			sourceTree = "<group>";
		};
		F505FF110192F1EB01990B20 = {
			fileEncoding = 30;
			isa = PBXFileReference;
			lastKnownFileType = sourcecode.cpp.cpp;
			path = blocks.cpp;
			refType = 4;
			sourceTree = "<group>";
		};
		F50AF9AD0188A79101990B20 = {
			fileEncoding = 30;
			isa = PBXFileReference;
			lastKnownFileType = sourcecode.cpp.cpp;
			path = copy.cpp;
			refType = 4;
			sourceTree = "<group>";
		};
		F50AF9AF0188AC3601990B20 = {
			fileEncoding = 30;
			isa = PBXFileReference;
			lastKnownFileType = sourcecode.cpp.cpp;
			path = length.cpp;
			refType = 4;
			sourceTree = "<group>";
		};
		F512112A01908E3801990B20 = {
			fileEncoding = 30;
			isa = PBXFileReference;
			lastKnownFileType = sourcecode.cpp.cpp;
			path = movco.cpp;
			refType = 4;
			sourceTree = "<group>";
		};
		F512112C01908E7201990B20 = {
			fileEncoding = 30;
			isa = PBXFileReference;
			lastKnownFileType = sourcecode.cpp.cpp;
			path = movfin.cpp;
			refType = 4;
			sourceTree = "<group>";
		};
		F51211320190A2DE01990B20 = {
			fileEncoding = 30;
			isa = PBXFileReference;
			lastKnownFileType = sourcecode.cpp.cpp;
			path = minvrt.cpp;
			refType = 4;
			sourceTree = "<group>";
		};
		F5125C0D01728F7501000001 = {
			fileEncoding = 30;
			isa = PBXFileReference;
			lastKnownFileType = sourcecode.c.h;
			path = spectral_hp.h;
			refType = 4;
			sourceTree = "<group>";
		};
		F51291FA0336051D01990B69 = {
			fallbackIsa = PBXFileReference;
			isa = PBXFrameworkReference;
			lastKnownFileType = wrapper.framework;
			name = vecLib.framework;
			path = /System/Library/Frameworks/vecLib.framework;
			refType = 0;
			sourceTree = "<absolute>";
		};
		F51292300336253E01990B69 = {
			fileEncoding = 30;
			isa = PBXFileReference;
			lastKnownFileType = text;
			path = blkinput.3;
			refType = 4;
			sourceTree = "<group>";
		};
		F512923C03362F0701990B69 = {
			fileEncoding = 30;
			isa = PBXFileReference;
			lastKnownFileType = sourcecode.cpp.cpp;
			path = l2error.cpp;
			refType = 4;
			sourceTree = "<group>";
		};
		F51A851D02DDC6D7012A8EDA = {
			isa = PBXFileReference;
			lastKnownFileType = file;
			name = libgpvm3.a;
			path = /Users/helenbrk/Packages/pvm3/lib/DARWIN/libgpvm3.a;
			refType = 0;
			sourceTree = "<absolute>";
		};
		F525D077017F63DC01990B20 = {
			fileEncoding = 30;
			isa = PBXFileReference;
			lastKnownFileType = sourcecode.cpp.cpp;
			path = ptprobe.cpp;
			refType = 4;
			sourceTree = "<group>";
		};
		F52FC80E01BE791F01990B20 = {
			fileEncoding = 30;
			isa = PBXFileReference;
			lastKnownFileType = sourcecode.cpp.cpp;
			path = tadvance.cpp;
			refType = 4;
			sourceTree = "<group>";
		};
		F52FE4CF0214251601990B20 = {
			children = (
				F5ACCDA501BFCB8401990B20,
				F5C7542701B9E9E501115962,
				F5CA0FBF01E5DB2201990B20,
				F51292300336253E01990B69,
			);
			isa = PBXGroup;
			name = Inputs;
			path = "";
			refType = 4;
			sourceTree = "<group>";
		};
		F52FE4D0021429E601990B20 = {
			fileEncoding = 30;
			isa = PBXFileReference;
			lastKnownFileType = sourcecode.cpp.cpp;
			path = pv3routines.cpp;
			refType = 4;
			sourceTree = "<group>";
		};
		F52FE4D802180CBB01990B20 = {
			isa = PBXFileReference;
			lastKnownFileType = archive.ar;
			name = libmyblas.a;
			path = ../lib/libmyblas.a;
			refType = 2;
			sourceTree = SOURCE_ROOT;
		};
		F52FE4D902180CBB01990B20 = {
			isa = PBXFileReference;
			lastKnownFileType = archive.ar;
			name = libquad.a;
			path = ../lib/libquad.a;
			refType = 2;
			sourceTree = SOURCE_ROOT;
		};
		F52FE4DC02180FA201990B20 = {
			isa = PBXFileReference;
			lastKnownFileType = archive.ar;
			name = libutil.a;
			path = ../lib/libutil.a;
			refType = 2;
			sourceTree = SOURCE_ROOT;
		};
		F533C5CF01938985017C3E7F = {
			fileEncoding = 30;
			isa = PBXFileReference;
			lastKnownFileType = sourcecode.cpp.cpp;
			path = bdry.cpp;
			refType = 4;
			sourceTree = "<group>";
		};
		F53AD9AF0173E34A01000001 = {
			fileEncoding = 30;
			isa = PBXFileReference;
			lastKnownFileType = sourcecode.cpp.cpp;
			path = main.cpp;
			refType = 4;
			sourceTree = "<group>";
		};
		F54BE4D201E1038D01990B20 = {
			fileEncoding = 30;
			isa = PBXFileReference;
			lastKnownFileType = sourcecode.cpp.cpp;
			path = rblocks.cpp;
			refType = 4;
			sourceTree = "<group>";
		};
		F5573A45017A8DCA01844834 = {
			fileEncoding = 30;
			isa = PBXFileReference;
			lastKnownFileType = sourcecode.cpp.cpp;
			path = gtol.cpp;
			refType = 4;
			sourceTree = "<group>";
		};
		F5605E1D02C2C26901AA3076 = {
			isa = PBXFileReference;
			lastKnownFileType = file;
			name = libfpvm3.a;
			path = /Users/helenbrk/Packages/pvm3/lib/DARWIN/libfpvm3.a;
			refType = 0;
			sourceTree = "<absolute>";
		};
		F5605E1E02C2C26901AA3076 = {
			isa = PBXFileReference;
			lastKnownFileType = archive.ar;
			name = libpvm3.a;
			path = /Users/helenbrk/Packages/pvm3/lib/DARWIN/libpvm3.a;
			refType = 0;
			sourceTree = "<absolute>";
		};
		F5605E2102C2C2F501AA3076 = {
			isa = PBXFileReference;
			lastKnownFileType = archive.ar;
			name = libpV3.a;
			path = /Users/helenbrk/Packages/pV3/libpV3.a;
			refType = 0;
			sourceTree = "<absolute>";
		};
		F564AD060185F05601990B20 = {
			fileEncoding = 30;
			isa = PBXFileReference;
			lastKnownFileType = sourcecode.cpp.cpp;
			path = adapt.cpp;
			refType = 4;
			sourceTree = "<group>";
		};
		F581CD240198731301990B20 = {
			fileEncoding = 30;
			isa = PBXFileReference;
			lastKnownFileType = sourcecode.cpp.cpp;
			path = surface.cpp;
			refType = 4;
			sourceTree = "<group>";
		};
		F581CD2901989D4B01990B20 = {
			fileEncoding = 30;
			isa = PBXFileReference;
			lastKnownFileType = sourcecode.c.h;
			path = surface.h;
			refType = 4;
			sourceTree = "<group>";
		};
		F58209B601808CC201990B20 = {
			isa = PBXFileReference;
			lastKnownFileType = archive.ar;
			name = libmesh.a;
			path = ../lib/libmesh.a;
			refType = 2;
			sourceTree = SOURCE_ROOT;
		};
		F58BA1070176870001990B20 = {
			fileEncoding = 30;
			isa = PBXFileReference;
			lastKnownFileType = sourcecode.cpp.cpp;
			path = allocate.cpp;
			refType = 4;
			sourceTree = "<group>";
		};
		F5A11A6A029ABBE001990B20 = {
			fileEncoding = 30;
			isa = PBXFileReference;
			lastKnownFileType = sourcecode.c.h;
			path = pV3.h;
			refType = 4;
			sourceTree = "<group>";
		};
		F5A17FF3017CD50401990B20 = {
			fileEncoding = 30;
			isa = PBXFileReference;
			lastKnownFileType = sourcecode.cpp.cpp;
			path = curvinit.cpp;
			refType = 4;
			sourceTree = "<group>";
		};
		F5A85EFB0186FF6101990B20 = {
			fileEncoding = 30;
			isa = PBXFileReference;
			lastKnownFileType = sourcecode.cpp.cpp;
			path = initfunc.cpp;
			refType = 4;
			sourceTree = "<group>";
		};
		F5AC61740252568D01990B20 = {
			fileEncoding = 30;
			isa = PBXFileReference;
			lastKnownFileType = sourcecode.cpp.cpp;
			path = drag.cpp;
			refType = 4;
			sourceTree = "<group>";
		};
		F5ACCDA501BFCB8401990B20 = {
			fileEncoding = 30;
			isa = PBXFileReference;
			lastKnownFileType = text;
			path = blksinput;
			refType = 4;
			sourceTree = "<group>";
		};
		F5C7542701B9E9E501115962 = {
			fileEncoding = 30;
			isa = PBXFileReference;
			lastKnownFileType = text.man;
			path = blkinput.1;
			refType = 4;
			sourceTree = "<group>";
		};
		F5CA0FBF01E5DB2201990B20 = {
			fileEncoding = 30;
			isa = PBXFileReference;
			lastKnownFileType = text;
			path = blkinput.2;
			refType = 4;
			sourceTree = "<group>";
		};
		F5D29C8B017777F4015A943B = {
			fileEncoding = 30;
			isa = PBXFileReference;
			lastKnownFileType = sourcecode.cpp.cpp;
			path = tobasis.cpp;
			refType = 4;
			sourceTree = "<group>";
		};
		F5D49A36018E4DE001601E15 = {
			fileEncoding = 30;
			isa = PBXFileReference;
			lastKnownFileType = sourcecode.c.h;
			path = hp_mgrid.h;
			refType = 4;
			sourceTree = "<group>";
		};
		F5D49A38018E525101601E15 = {
			fileEncoding = 30;
			isa = PBXFileReference;
			lastKnownFileType = sourcecode.cpp.cpp;
			path = rsdl.cpp;
			refType = 4;
			sourceTree = "<group>";
		};
		F5D77C310191A7BB01990B20 = {
			fileEncoding = 30;
			isa = PBXFileReference;
			lastKnownFileType = sourcecode.cpp.cpp;
			path = tstep.cpp;
			refType = 4;
			sourceTree = "<group>";
		};
		F5D77C330191A7E901990B20 = {
			fileEncoding = 30;
			isa = PBXFileReference;
			lastKnownFileType = sourcecode.cpp.cpp;
			path = nstage.cpp;
			refType = 4;
			sourceTree = "<group>";
		};
		F5EACF8102C2B7D4015D0A1B = {
			isa = PBXFileReference;
			lastKnownFileType = archive.ar;
			name = libbasis.a;
			path = ../lib/libbasis.a;
			refType = 2;
			sourceTree = SOURCE_ROOT;
		};
		F5EF233C018F35F701990B20 = {
			fileEncoding = 30;
			isa = PBXFileReference;
			lastKnownFileType = sourcecode.cpp.cpp;
			path = mg_alloc.cpp;
			refType = 4;
			sourceTree = "<group>";
		};
		F5F454CE017B8027012831FF = {
			fileEncoding = 30;
			isa = PBXFileReference;
			lastKnownFileType = sourcecode.cpp.cpp;
			path = output.cpp;
			refType = 4;
			sourceTree = "<group>";
		};
		F5FA3CCF0353483101990B69 = {
			fileEncoding = 30;
			isa = PBXFileReference;
			lastKnownFileType = sourcecode.cpp.cpp;
			path = rsdlcd.cpp;
			refType = 4;
			sourceTree = "<group>";
		};
		F5FA3CD103534B8901990B69 = {
			fileEncoding = 30;
			isa = PBXFileReference;
			lastKnownFileType = sourcecode.cpp.cpp;
			path = tstepcd.cpp;
			refType = 4;
			sourceTree = "<group>";
		};
		F5FA3CD303534B9701990B69 = {
			fileEncoding = 30;
			isa = PBXFileReference;
			lastKnownFileType = sourcecode.cpp.cpp;
			path = tadvancecd.cpp;
			refType = 4;
			sourceTree = "<group>";
		};
		F5FA3CD503534BA801990B69 = {
			fileEncoding = 30;
			isa = PBXFileReference;
			lastKnownFileType = sourcecode.cpp.cpp;
			path = bdrycd.cpp;
			refType = 4;
			sourceTree = "<group>";
		};
		F5FA3CD703534BC501990B69 = {
			children = (
				F5FA3CCF0353483101990B69,
				F5FA3CD103534B8901990B69,
				F5FA3CD303534B9701990B69,
				F5FA3CD503534BA801990B69,
				6F48973704867DAD00990B69,
			);
			isa = PBXGroup;
			name = "Conv Diff";
			refType = 4;
			sourceTree = "<group>";
		};
	};
	rootObject = 08FB7793FE84155DC02AAC07;
}
